// !$*UTF8*$!
{
	archiveVersion = 1;
	classes = {
	};
	objectVersion = 42;
	objects = {

/* Begin PBXBuildFile section */
		84CB15E210B833520078B1AF /* MainMenu.nib in Resources */ = {isa = PBXBuildFile; fileRef = 29B97318FDCFA39411CA2CEA /* MainMenu.nib */; };
		84CB15E310B833520078B1AF /* InfoPlist.strings in Resources */ = {isa = PBXBuildFile; fileRef = 089C165CFE840E0CC02AAC07 /* InfoPlist.strings */; };
		84CB15E410B833520078B1AF /* main.pl in Resources */ = {isa = PBXBuildFile; fileRef = F5D5A3B4026B2DF601A80164 /* main.pl */; };
		84CB15E510B833520078B1AF /* MyApp.pm in Resources */ = {isa = PBXBuildFile; fileRef = F5D5A3B6026B2EB001A80164 /* MyApp.pm */; };
		84CB15E610B833520078B1AF /* MainWindow.nib in Resources */ = {isa = PBXBuildFile; fileRef = F55030F9026B86CD01A80164 /* MainWindow.nib */; };
		84CB15E710B833520078B1AF /* MyWindowController.pm in Resources */ = {isa = PBXBuildFile; fileRef = F55030FC026B870901A80164 /* MyWindowController.pm */; };
		84CB15E810B833520078B1AF /* MyDatasource.pm in Resources */ = {isa = PBXBuildFile; fileRef = F54DEE6A026CD4E601A80164 /* MyDatasource.pm */; };
		84CB15EA10B833520078B1AF /* main.m in Sources */ = {isa = PBXBuildFile; fileRef = 29B97316FDCFA39411CA2CEA /* main.m */; settings = {ATTRIBUTES = (); }; };
		84CB15EC10B833520078B1AF /* Cocoa.framework in Frameworks */ = {isa = PBXBuildFile; fileRef = 1058C7A1FEA54F0111CA2CBB /* Cocoa.framework */; };
		84CB15FA10B833C80078B1AF /* CamelBones.framework in Frameworks */ = {isa = PBXBuildFile; fileRef = 84CB15F910B833C80078B1AF /* CamelBones.framework */; };
		84CB15FB10B833D00078B1AF /* CamelBones.framework in CopyFiles */ = {isa = PBXBuildFile; fileRef = 84CB15F910B833C80078B1AF /* CamelBones.framework */; };
/* End PBXBuildFile section */

/* Begin PBXCopyFilesBuildPhase section */
		84CB15EE10B833520078B1AF /* CopyFiles */ = {
			isa = PBXCopyFilesBuildPhase;
			buildActionMask = 2147483647;
			dstPath = "";
			dstSubfolderSpec = 10;
			files = (
				84CB15FB10B833D00078B1AF /* CamelBones.framework in CopyFiles */,
			);
			runOnlyForDeploymentPostprocessing = 0;
		};
/* End PBXCopyFilesBuildPhase section */

/* Begin PBXFileReference section */
		089C165DFE840E0CC02AAC07 /* English */ = {isa = PBXFileReference; fileEncoding = 10; lastKnownFileType = text.plist.strings; name = English; path = English.lproj/InfoPlist.strings; sourceTree = "<group>"; };
		1058C7A1FEA54F0111CA2CBB /* Cocoa.framework */ = {isa = PBXFileReference; lastKnownFileType = wrapper.framework; name = Cocoa.framework; path = /System/Library/Frameworks/Cocoa.framework; sourceTree = "<absolute>"; };
		29B97316FDCFA39411CA2CEA /* main.m */ = {isa = PBXFileReference; lastKnownFileType = sourcecode.c.objc; path = main.m; sourceTree = "<group>"; };
		29B97319FDCFA39411CA2CEA /* English */ = {isa = PBXFileReference; lastKnownFileType = wrapper.nib; name = English; path = English.lproj/MainMenu.nib; sourceTree = "<group>"; };
		29B97324FDCFA39411CA2CEA /* AppKit.framework */ = {isa = PBXFileReference; lastKnownFileType = wrapper.framework; name = AppKit.framework; path = /System/Library/Frameworks/AppKit.framework; sourceTree = "<absolute>"; };
		29B97325FDCFA39411CA2CEA /* Foundation.framework */ = {isa = PBXFileReference; lastKnownFileType = wrapper.framework; name = Foundation.framework; path = /System/Library/Frameworks/Foundation.framework; sourceTree = "<absolute>"; };
		84CB15F410B833520078B1AF /* Info.plist */ = {isa = PBXFileReference; lastKnownFileType = text.plist.xml; path = Info.plist; sourceTree = "<group>"; };
		84CB15F510B833530078B1AF /* Data Access.app */ = {isa = PBXFileReference; explicitFileType = wrapper.application; includeInIndex = 0; path = "Data Access.app"; sourceTree = BUILT_PRODUCTS_DIR; };
		84CB15F910B833C80078B1AF /* CamelBones.framework */ = {isa = PBXFileReference; lastKnownFileType = wrapper.framework; name = CamelBones.framework; path = CamelBones/Frameworks/CamelBones.framework; sourceTree = SYSTEM_DEVELOPER_DIR; };
		F54DEE6A026CD4E601A80164 /* MyDatasource.pm */ = {isa = PBXFileReference; lastKnownFileType = text.script.perl; path = MyDatasource.pm; sourceTree = "<group>"; };
		F55030FA026B86CD01A80164 /* English */ = {isa = PBXFileReference; lastKnownFileType = wrapper.nib; name = English; path = English.lproj/MainWindow.nib; sourceTree = "<group>"; };
		F55030FC026B870901A80164 /* MyWindowController.pm */ = {isa = PBXFileReference; lastKnownFileType = text.script.perl; path = MyWindowController.pm; sourceTree = "<group>"; };
		F5D5A3B4026B2DF601A80164 /* main.pl */ = {isa = PBXFileReference; lastKnownFileType = text.script.perl; path = main.pl; sourceTree = "<group>"; };
		F5D5A3B6026B2EB001A80164 /* MyApp.pm */ = {isa = PBXFileReference; lastKnownFileType = text.script.perl; path = MyApp.pm; sourceTree = "<group>"; };
/* End PBXFileReference section */

/* Begin PBXFrameworksBuildPhase section */
		84CB15EB10B833520078B1AF /* Frameworks */ = {
			isa = PBXFrameworksBuildPhase;
			buildActionMask = 2147483647;
			files = (
				84CB15EC10B833520078B1AF /* Cocoa.framework in Frameworks */,
				84CB15FA10B833C80078B1AF /* CamelBones.framework in Frameworks */,
			);
			runOnlyForDeploymentPostprocessing = 0;
		};
/* End PBXFrameworksBuildPhase section */

/* Begin PBXGroup section */
		080E96DDFE201D6D7F000001 /* Classes */ = {
			isa = PBXGroup;
			children = (
				F5D5A3B6026B2EB001A80164 /* MyApp.pm */,
				F55030FC026B870901A80164 /* MyWindowController.pm */,
				F54DEE6A026CD4E601A80164 /* MyDatasource.pm */,
			);
			name = Classes;
			sourceTree = "<group>";
		};
		1058C7A0FEA54F0111CA2CBB /* Linked Frameworks */ = {
			isa = PBXGroup;
			children = (
				84CB15F910B833C80078B1AF /* CamelBones.framework */,
				1058C7A1FEA54F0111CA2CBB /* Cocoa.framework */,
			);
			name = "Linked Frameworks";
			sourceTree = "<group>";
		};
		1058C7A2FEA54F0111CA2CBB /* Other Frameworks */ = {
			isa = PBXGroup;
			children = (
				29B97325FDCFA39411CA2CEA /* Foundation.framework */,
				29B97324FDCFA39411CA2CEA /* AppKit.framework */,
			);
			name = "Other Frameworks";
			sourceTree = "<group>";
		};
		19C28FACFE9D520D11CA2CBB /* Products */ = {
			isa = PBXGroup;
			children = (
				84CB15F510B833530078B1AF /* Data Access.app */,
			);
			name = Products;
			sourceTree = "<group>";
		};
		29B97314FDCFA39411CA2CEA /* Data Access */ = {
			isa = PBXGroup;
			children = (
				080E96DDFE201D6D7F000001 /* Classes */,
				29B97315FDCFA39411CA2CEA /* Other Sources */,
				29B97317FDCFA39411CA2CEA /* Resources */,
				29B97323FDCFA39411CA2CEA /* Frameworks */,
				19C28FACFE9D520D11CA2CBB /* Products */,
				84CB15F410B833520078B1AF /* Info.plist */,
			);
			name = "Data Access";
			sourceTree = "<group>";
		};
		29B97315FDCFA39411CA2CEA /* Other Sources */ = {
			isa = PBXGroup;
			children = (
				29B97316FDCFA39411CA2CEA /* main.m */,
				F5D5A3B4026B2DF601A80164 /* main.pl */,
			);
			name = "Other Sources";
			sourceTree = "<group>";
		};
		29B97317FDCFA39411CA2CEA /* Resources */ = {
			isa = PBXGroup;
			children = (
				29B97318FDCFA39411CA2CEA /* MainMenu.nib */,
				F55030F9026B86CD01A80164 /* MainWindow.nib */,
				089C165CFE840E0CC02AAC07 /* InfoPlist.strings */,
			);
			name = Resources;
			sourceTree = "<group>";
		};
		29B97323FDCFA39411CA2CEA /* Frameworks */ = {
			isa = PBXGroup;
			children = (
				1058C7A0FEA54F0111CA2CBB /* Linked Frameworks */,
				1058C7A2FEA54F0111CA2CBB /* Other Frameworks */,
			);
			name = Frameworks;
			sourceTree = "<group>";
		};
/* End PBXGroup section */

/* Begin PBXHeadersBuildPhase section */
		84CB15E010B833520078B1AF /* Headers */ = {
			isa = PBXHeadersBuildPhase;
			buildActionMask = 2147483647;
			files = (
			);
			runOnlyForDeploymentPostprocessing = 0;
		};
/* End PBXHeadersBuildPhase section */

/* Begin PBXNativeTarget section */
		84CB15DF10B833520078B1AF /* Data Access */ = {
			isa = PBXNativeTarget;
			buildConfigurationList = 84CB15F010B833520078B1AF /* Build configuration list for PBXNativeTarget "Data Access" */;
			buildPhases = (
				84CB15E010B833520078B1AF /* Headers */,
				84CB15E110B833520078B1AF /* Resources */,
				84CB15E910B833520078B1AF /* Sources */,
				84CB15EB10B833520078B1AF /* Frameworks */,
				84CB15EE10B833520078B1AF /* CopyFiles */,
			);
			buildRules = (
			);
			dependencies = (
			);
			name = "Data Access";
			productInstallPath = "$(HOME)/Applications";
			productName = "Data Access";
			productReference = 84CB15F510B833530078B1AF /* Data Access.app */;
			productType = "com.apple.product-type.application";
		};
/* End PBXNativeTarget section */

/* Begin PBXProject section */
		29B97313FDCFA39411CA2CEA /* Project object */ = {
			isa = PBXProject;
			buildConfigurationList = 84CB15C510B8330D0078B1AF /* Build configuration list for PBXProject "Data Access" */;
			compatibilityVersion = "Xcode 2.4";
			hasScannedForEncodings = 0;
			mainGroup = 29B97314FDCFA39411CA2CEA /* Data Access */;
			projectDirPath = "";
			projectRoot = "";
			targets = (
				84CB15DF10B833520078B1AF /* Data Access */,
			);
		};
/* End PBXProject section */

/* Begin PBXResourcesBuildPhase section */
		84CB15E110B833520078B1AF /* Resources */ = {
			isa = PBXResourcesBuildPhase;
			buildActionMask = 2147483647;
			files = (
				84CB15E210B833520078B1AF /* MainMenu.nib in Resources */,
				84CB15E310B833520078B1AF /* InfoPlist.strings in Resources */,
				84CB15E410B833520078B1AF /* main.pl in Resources */,
				84CB15E510B833520078B1AF /* MyApp.pm in Resources */,
				84CB15E610B833520078B1AF /* MainWindow.nib in Resources */,
				84CB15E710B833520078B1AF /* MyWindowController.pm in Resources */,
				84CB15E810B833520078B1AF /* MyDatasource.pm in Resources */,
			);
			runOnlyForDeploymentPostprocessing = 0;
		};
/* End PBXResourcesBuildPhase section */

/* Begin PBXSourcesBuildPhase section */
		84CB15E910B833520078B1AF /* Sources */ = {
			isa = PBXSourcesBuildPhase;
			buildActionMask = 2147483647;
			files = (
				84CB15EA10B833520078B1AF /* main.m in Sources */,
			);
			runOnlyForDeploymentPostprocessing = 0;
		};
/* End PBXSourcesBuildPhase section */

/* Begin PBXVariantGroup section */
		089C165CFE840E0CC02AAC07 /* InfoPlist.strings */ = {
			isa = PBXVariantGroup;
			children = (
				089C165DFE840E0CC02AAC07 /* English */,
			);
			name = InfoPlist.strings;
			sourceTree = "<group>";
		};
		29B97318FDCFA39411CA2CEA /* MainMenu.nib */ = {
			isa = PBXVariantGroup;
			children = (
				29B97319FDCFA39411CA2CEA /* English */,
			);
			name = MainMenu.nib;
			sourceTree = "<group>";
		};
		F55030F9026B86CD01A80164 /* MainWindow.nib */ = {
			isa = PBXVariantGroup;
			children = (
				F55030FA026B86CD01A80164 /* English */,
			);
			name = MainWindow.nib;
			sourceTree = "<group>";
		};
/* End PBXVariantGroup section */

/* Begin XCBuildConfiguration section */
		84CB15BF10B8330D0078B1AF /* Development */ = {
			isa = XCBuildConfiguration;
			buildSettings = {
			};
			name = Development;
		};
		84CB15C010B8330D0078B1AF /* Deployment */ = {
			isa = XCBuildConfiguration;
			buildSettings = {
			};
			name = Deployment;
		};
		84CB15C110B8330D0078B1AF /* Default */ = {
			isa = XCBuildConfiguration;
			buildSettings = {
			};
			name = Default;
		};
		84CB15F110B833520078B1AF /* Development */ = {
			isa = XCBuildConfiguration;
			buildSettings = {
				COPY_PHASE_STRIP = NO;
				FRAMEWORK_SEARCH_PATHS = (
					"$(inherited)",
					"$(FRAMEWORK_SEARCH_PATHS_QUOTED_FOR_TARGET_1)",
					"$(FRAMEWORK_SEARCH_PATHS_QUOTED_FOR_TARGET_2)",
				);
				FRAMEWORK_SEARCH_PATHS_QUOTED_FOR_TARGET_1 = "\\\"$(DEVELOPER_DIR)/CamelBones/Frameworks\\\"";
				FRAMEWORK_SEARCH_PATHS_QUOTED_FOR_TARGET_2 = "\"$(DEVELOPER_DIR)/CamelBones/Frameworks\"";
				GCC_DYNAMIC_NO_PIC = NO;
				GCC_ENABLE_FIX_AND_CONTINUE = YES;
				GCC_GENERATE_DEBUGGING_SYMBOLS = YES;
				GCC_OPTIMIZATION_LEVEL = 0;
				GCC_SYMBOLS_PRIVATE_EXTERN = NO;
				HEADER_SEARCH_PATHS = "";
				INFOPLIST_FILE = Info.plist;
				INSTALL_PATH = "$(HOME)/Applications";
				LIBRARY_SEARCH_PATHS = "";
				OTHER_CFLAGS = "";
				OTHER_LDFLAGS = "";
				PRODUCT_NAME = "Data Access";
				SECTORDER_FLAGS = "";
				WARNING_CFLAGS = (
					"-Wmost",
					"-Wno-four-char-constants",
					"-Wno-unknown-pragmas",
				);
				WRAPPER_EXTENSION = app;
				ZERO_LINK = YES;
			};
			name = Development;
		};
		84CB15F210B833520078B1AF /* Deployment */ = {
			isa = XCBuildConfiguration;
			buildSettings = {
				COPY_PHASE_STRIP = YES;
				FRAMEWORK_SEARCH_PATHS = (
					"$(inherited)",
					"$(FRAMEWORK_SEARCH_PATHS_QUOTED_FOR_TARGET_1)",
					"$(FRAMEWORK_SEARCH_PATHS_QUOTED_FOR_TARGET_2)",
				);
				FRAMEWORK_SEARCH_PATHS_QUOTED_FOR_TARGET_1 = "\\\"$(DEVELOPER_DIR)/CamelBones/Frameworks\\\"";
				FRAMEWORK_SEARCH_PATHS_QUOTED_FOR_TARGET_2 = "\"$(DEVELOPER_DIR)/CamelBones/Frameworks\"";
				GCC_ENABLE_FIX_AND_CONTINUE = NO;
				GCC_SYMBOLS_PRIVATE_EXTERN = NO;
				HEADER_SEARCH_PATHS = "";
				INFOPLIST_FILE = Info.plist;
				INSTALL_PATH = "$(HOME)/Applications";
				LIBRARY_SEARCH_PATHS = "";
				OTHER_CFLAGS = "";
				OTHER_LDFLAGS = "";
				PRODUCT_NAME = "Data Access";
				SECTORDER_FLAGS = "";
				WARNING_CFLAGS = (
					"-Wmost",
					"-Wno-four-char-constants",
					"-Wno-unknown-pragmas",
				);
				WRAPPER_EXTENSION = app;
				ZERO_LINK = NO;
			};
			name = Deployment;
		};
		84CB15F310B833520078B1AF /* Default */ = {
			isa = XCBuildConfiguration;
			buildSettings = {
				FRAMEWORK_SEARCH_PATHS = (
					"$(inherited)",
					"$(FRAMEWORK_SEARCH_PATHS_QUOTED_FOR_TARGET_1)",
					"$(FRAMEWORK_SEARCH_PATHS_QUOTED_FOR_TARGET_2)",
				);
				FRAMEWORK_SEARCH_PATHS_QUOTED_FOR_TARGET_1 = "\\\"$(DEVELOPER_DIR)/CamelBones/Frameworks\\\"";
				FRAMEWORK_SEARCH_PATHS_QUOTED_FOR_TARGET_2 = "\"$(DEVELOPER_DIR)/CamelBones/Frameworks\"";
				GCC_SYMBOLS_PRIVATE_EXTERN = NO;
				HEADER_SEARCH_PATHS = "";
				INFOPLIST_FILE = Info.plist;
				INSTALL_PATH = "$(HOME)/Applications";
				LIBRARY_SEARCH_PATHS = "";
				OTHER_CFLAGS = "";
				OTHER_LDFLAGS = "";
				PRODUCT_NAME = "Data Access";
				SECTORDER_FLAGS = "";
				WARNING_CFLAGS = (
					"-Wmost",
					"-Wno-four-char-constants",
					"-Wno-unknown-pragmas",
				);
				WRAPPER_EXTENSION = app;
			};
			name = Default;
		};
/* End XCBuildConfiguration section */

/* Begin XCConfigurationList section */
		84CB15C510B8330D0078B1AF /* Build configuration list for PBXProject "Data Access" */ = {
			isa = XCConfigurationList;
			buildConfigurations = (
				84CB15BF10B8330D0078B1AF /* Development */,
				84CB15C010B8330D0078B1AF /* Deployment */,
				84CB15C110B8330D0078B1AF /* Default */,
			);
			defaultConfigurationIsVisible = 0;
			defaultConfigurationName = Default;
		};
		84CB15F010B833520078B1AF /* Build configuration list for PBXNativeTarget "Data Access" */ = {
			isa = XCConfigurationList;
			buildConfigurations = (
				84CB15F110B833520078B1AF /* Development */,
				84CB15F210B833520078B1AF /* Deployment */,
				84CB15F310B833520078B1AF /* Default */,
			);
			defaultConfigurationIsVisible = 0;
			defaultConfigurationName = Default;
		};
/* End XCConfigurationList section */
	};
	rootObject = 29B97313FDCFA39411CA2CEA /* Project object */;
}
